{
  "name": "test-server",
  "version": "0.0.1",
  "lockfileVersion": 1,
  "requires": true,
  "dependencies": {
    "@hugov/promise-wrap": {
      "version": "0.0.3",
      "resolved": "https://registry.npmjs.org/@hugov/promise-wrap/-/promise-wrap-0.0.3.tgz",
      "integrity": "sha512-doFxgiMP5SIc/xT2xo5EwKDOg4vQjWszmwk8PUBQ1uBoNaeqB1nlUSe6Mi2kqYk31n4SPe2vzDVlOH0nHS26GA=="
    },
    "@types/node": {
      "version": "8.5.1",
      "resolved": "https://registry.npmjs.org/@types/node/-/node-8.5.1.tgz",
      "integrity": "sha512-SrmAO+NhnsuG/6TychSl2VdxBZiw/d6V+8j+DFo8O3PwFi+QeYXWHhAw+b170aSc6zYab6/PjEWRZHIDN9mNUw==",
      "dev": true
    },
    "assert-op": {
      "version": "0.1.0",
      "resolved": "https://registry.npmjs.org/assert-op/-/assert-op-0.1.0.tgz",
      "integrity": "sha512-DMs/IC/+BJhMZptglQgcDjMhOza7ChewjanOpDsLqBakAsrZchBzDl1myWZnOFl38Rv8KvW+ex9Kb+Fr7BdtDA==",
      "dev": true
    },
    "cotest": {
      "version": "3.0.0",
      "resolved": "https://registry.npmjs.org/cotest/-/cotest-3.0.0.tgz",
      "integrity": "sha512-MsxdK1FRMH/q2q7EB7gOO+U4NTU5s4/Fg28qYgk8vreXXlO9pislIGO8QnQrtnTkRw4NdH899KlrZDEt2ywg7g==",
      "dev": true,
      "requires": {
        "assert-op": "0.1.0"
      }
    }
  }
}
